PODS:
  - FlutterMacOS (1.0.0)
  - photo_manager (3.9.0):
    - Flutter
    - FlutterMacOS

DEPENDENCIES:
  - FlutterMacOS (from `Flutter/ephemeral`)
  - photo_manager (from `Flutter/ephemeral/.symlinks/plugins/photo_manager/darwin`)

EXTERNAL SOURCES:
  FlutterMacOS:
    :path: Flutter/ephemeral
  photo_manager:
    :path: Flutter/ephemeral/.symlinks/plugins/photo_manager/darwin

SPEC CHECKSUMS:
  FlutterMacOS: d0db08ddef1a9af05a5ec4b724367152bb0500b1
  photo_manager: 25fd77df14f4f0ba5ef99e2c61814dde77e2bceb

PODFILE CHECKSUM: 54d867c82ac51cbd61b565781b9fada492027009

COCOAPODS: 1.16.2
